
Microsoft Visual Studio Solution File, Format Version 12.00
# Visual Studio 2012
Project("{FAE04EC0-301F-11D3-BF4B-00C04F79EFBC}") = "GameUpdater", "GameUpdater\GameUpdater.csproj", "{C4854496-5B21-406F-B6BA-0981A477B84E}"
EndProject
Project("{FAE04EC0-301F-11D3-BF4B-00C04F79EFBC}") = "GameClassLibrary", "..\GameLibrary\GameClassLibrary.csproj", "{2F2CEB01-04A8-4B71-BF79-C6B55DBFB696}"
EndProject
Global
	GlobalSection(SolutionConfigurationPlatforms) = preSolution
		Debug|Any CPU = Debug|Any CPU
		Release|Any CPU = Release|Any CPU
	EndGlobalSection
	GlobalSection(ProjectConfigurationPlatforms) = postSolution
		{C4854496-5B21-406F-B6BA-0981A477B84E}.Debug|Any CPU.ActiveCfg = Debug|Any CPU
		{C4854496-5B21-406F-B6BA-0981A477B84E}.Debug|Any CPU.Build.0 = Debug|Any CPU
		{C4854496-5B21-406F-B6BA-0981A477B84E}.Release|Any CPU.ActiveCfg = Release|Any CPU
		{C4854496-5B21-406F-B6BA-0981A477B84E}.Release|Any CPU.Build.0 = Release|Any CPU
		{2F2CEB01-04A8-4B71-BF79-C6B55DBFB696}.Debug|Any CPU.ActiveCfg = Debug|Any CPU
		{2F2CEB01-04A8-4B71-BF79-C6B55DBFB696}.Debug|Any CPU.Build.0 = Debug|Any CPU
		{2F2CEB01-04A8-4B71-BF79-C6B55DBFB696}.Release|Any CPU.ActiveCfg = Release|Any CPU
		{2F2CEB01-04A8-4B71-BF79-C6B55DBFB696}.Release|Any CPU.Build.0 = Release|Any CPU
	EndGlobalSection
	GlobalSection(SolutionProperties) = preSolution
		HideSolutionNode = FALSE
	EndGlobalSection
EndGlobal
